
Microsoft Visual Studio Solution File, Format Version 12.00
# Visual Studio 15
VisualStudioVersion = 15.0.28010.2046
MinimumVisualStudioVersion = 10.0.40219.1
Project("{FAE04EC0-301F-11D3-BF4B-00C04F79EFBC}") = "CodeLouFinal", "CodeLouFinal\CodeLouFinal.csproj", "{3FE9E57A-E5C4-4298-A143-FFFEC1CF1AEA}"
EndProject
Global
	GlobalSection(SolutionConfigurationPlatforms) = preSolution
		Debug|Any CPU = Debug|Any CPU
		Release|Any CPU = Release|Any CPU
	EndGlobalSection
	GlobalSection(ProjectConfigurationPlatforms) = postSolution
		{3FE9E57A-E5C4-4298-A143-FFFEC1CF1AEA}.Debug|Any CPU.ActiveCfg = Debug|Any CPU
		{3FE9E57A-E5C4-4298-A143-FFFEC1CF1AEA}.Debug|Any CPU.Build.0 = Debug|Any CPU
		{3FE9E57A-E5C4-4298-A143-FFFEC1CF1AEA}.Release|Any CPU.ActiveCfg = Release|Any CPU
		{3FE9E57A-E5C4-4298-A143-FFFEC1CF1AEA}.Release|Any CPU.Build.0 = Release|Any CPU
	EndGlobalSection
	GlobalSection(SolutionProperties) = preSolution
		HideSolutionNode = FALSE
	EndGlobalSection
	GlobalSection(ExtensibilityGlobals) = postSolution
		SolutionGuid = {3CC29731-6DC9-4BFC-A568-382D0EB7F73D}
	EndGlobalSection
EndGlobal
